// !$*UTF8*$!
{
	archiveVersion = 1;
	classes = {
	};
	objectVersion = 50;
	objects = {

/* Begin PBXBuildFile section */
		DD4CB68124EC826600814464 /* Timer.swift in Sources */ = {isa = PBXBuildFile; fileRef = DD4CB68024EC826600814464 /* Timer.swift */; };
		DD4CB68424ED68EA00814464 /* TimerType.swift in Sources */ = {isa = PBXBuildFile; fileRef = DD4CB68324ED68E900814464 /* TimerType.swift */; };
		DD4CB68824ED774200814464 /* HistoryTableViewCell.swift in Sources */ = {isa = PBXBuildFile; fileRef = DD4CB68724ED774200814464 /* HistoryTableViewCell.swift */; };
		DD4CB68B24ED8C3F00814464 /* TimeInterval.swift in Sources */ = {isa = PBXBuildFile; fileRef = DD4CB68A24ED8C3E00814464 /* TimeInterval.swift */; };
		DD4CB68F24EDAED900814464 /* TimeIntervalHistory.swift in Sources */ = {isa = PBXBuildFile; fileRef = DD4CB68E24EDAED900814464 /* TimeIntervalHistory.swift */; };
		DD4CB69124EDAF6800814464 /* TimeIntervalEntity.swift in Sources */ = {isa = PBXBuildFile; fileRef = DD4CB69024EDAF6800814464 /* TimeIntervalEntity.swift */; };
		DD6AB27324EC5082004BA8B9 /* AppDelegate.swift in Sources */ = {isa = PBXBuildFile; fileRef = DD6AB27224EC5082004BA8B9 /* AppDelegate.swift */; };
		DD6AB27524EC5082004BA8B9 /* SceneDelegate.swift in Sources */ = {isa = PBXBuildFile; fileRef = DD6AB27424EC5082004BA8B9 /* SceneDelegate.swift */; };
		DD6AB27724EC5082004BA8B9 /* TimerViewController.swift in Sources */ = {isa = PBXBuildFile; fileRef = DD6AB27624EC5082004BA8B9 /* TimerViewController.swift */; };
		DD6AB27A24EC5082004BA8B9 /* Main.storyboard in Resources */ = {isa = PBXBuildFile; fileRef = DD6AB27824EC5082004BA8B9 /* Main.storyboard */; };
		DD6AB27C24EC5087004BA8B9 /* Assets.xcassets in Resources */ = {isa = PBXBuildFile; fileRef = DD6AB27B24EC5087004BA8B9 /* Assets.xcassets */; };
		DD6AB27F24EC5087004BA8B9 /* LaunchScreen.storyboard in Resources */ = {isa = PBXBuildFile; fileRef = DD6AB27D24EC5087004BA8B9 /* LaunchScreen.storyboard */; };
/* End PBXBuildFile section */

/* Begin PBXFileReference section */
		DD4CB68024EC826600814464 /* Timer.swift */ = {isa = PBXFileReference; lastKnownFileType = sourcecode.swift; path = Timer.swift; sourceTree = "<group>"; };
		DD4CB68324ED68E900814464 /* TimerType.swift */ = {isa = PBXFileReference; lastKnownFileType = sourcecode.swift; path = TimerType.swift; sourceTree = "<group>"; };
		DD4CB68724ED774200814464 /* HistoryTableViewCell.swift */ = {isa = PBXFileReference; lastKnownFileType = sourcecode.swift; path = HistoryTableViewCell.swift; sourceTree = "<group>"; };
		DD4CB68A24ED8C3E00814464 /* TimeInterval.swift */ = {isa = PBXFileReference; lastKnownFileType = sourcecode.swift; path = TimeInterval.swift; sourceTree = "<group>"; };
		DD4CB68E24EDAED900814464 /* TimeIntervalHistory.swift */ = {isa = PBXFileReference; lastKnownFileType = sourcecode.swift; path = TimeIntervalHistory.swift; sourceTree = "<group>"; };
		DD4CB69024EDAF6800814464 /* TimeIntervalEntity.swift */ = {isa = PBXFileReference; lastKnownFileType = sourcecode.swift; path = TimeIntervalEntity.swift; sourceTree = "<group>"; };
		DD6AB26F24EC5082004BA8B9 /* Timer.app */ = {isa = PBXFileReference; explicitFileType = wrapper.application; includeInIndex = 0; path = Timer.app; sourceTree = BUILT_PRODUCTS_DIR; };
		DD6AB27224EC5082004BA8B9 /* AppDelegate.swift */ = {isa = PBXFileReference; lastKnownFileType = sourcecode.swift; path = AppDelegate.swift; sourceTree = "<group>"; };
		DD6AB27424EC5082004BA8B9 /* SceneDelegate.swift */ = {isa = PBXFileReference; lastKnownFileType = sourcecode.swift; path = SceneDelegate.swift; sourceTree = "<group>"; };
		DD6AB27624EC5082004BA8B9 /* TimerViewController.swift */ = {isa = PBXFileReference; lastKnownFileType = sourcecode.swift; path = TimerViewController.swift; sourceTree = "<group>"; };
		DD6AB27924EC5082004BA8B9 /* Base */ = {isa = PBXFileReference; lastKnownFileType = file.storyboard; name = Base; path = Base.lproj/Main.storyboard; sourceTree = "<group>"; };
		DD6AB27B24EC5087004BA8B9 /* Assets.xcassets */ = {isa = PBXFileReference; lastKnownFileType = folder.assetcatalog; path = Assets.xcassets; sourceTree = "<group>"; };
		DD6AB27E24EC5087004BA8B9 /* Base */ = {isa = PBXFileReference; lastKnownFileType = file.storyboard; name = Base; path = Base.lproj/LaunchScreen.storyboard; sourceTree = "<group>"; };
		DD6AB28024EC5087004BA8B9 /* Info.plist */ = {isa = PBXFileReference; lastKnownFileType = text.plist.xml; path = Info.plist; sourceTree = "<group>"; };
/* End PBXFileReference section */

/* Begin PBXFrameworksBuildPhase section */
		DD6AB26C24EC5082004BA8B9 /* Frameworks */ = {
			isa = PBXFrameworksBuildPhase;
			buildActionMask = 2147483647;
			files = (
			);
			runOnlyForDeploymentPostprocessing = 0;
		};
/* End PBXFrameworksBuildPhase section */

/* Begin PBXGroup section */
		DD4CB68224ED68D800814464 /* Model */ = {
			isa = PBXGroup;
			children = (
				DD4CB68D24EDAEC700814464 /* History */,
				DD4CB68C24EDAEBE00814464 /* Timer */,
			);
			path = Model;
			sourceTree = "<group>";
		};
		DD4CB68524ED76E400814464 /* View */ = {
			isa = PBXGroup;
			children = (
				DD4CB68724ED774200814464 /* HistoryTableViewCell.swift */,
			);
			path = View;
			sourceTree = "<group>";
		};
		DD4CB68624ED76E900814464 /* Controller */ = {
			isa = PBXGroup;
			children = (
				DD6AB27624EC5082004BA8B9 /* TimerViewController.swift */,
			);
			path = Controller;
			sourceTree = "<group>";
		};
		DD4CB68924ED8C3000814464 /* Extensions */ = {
			isa = PBXGroup;
			children = (
				DD4CB68A24ED8C3E00814464 /* TimeInterval.swift */,
			);
			path = Extensions;
			sourceTree = "<group>";
		};
		DD4CB68C24EDAEBE00814464 /* Timer */ = {
			isa = PBXGroup;
			children = (
				DD4CB68024EC826600814464 /* Timer.swift */,
				DD4CB68324ED68E900814464 /* TimerType.swift */,
			);
			path = Timer;
			sourceTree = "<group>";
		};
		DD4CB68D24EDAEC700814464 /* History */ = {
			isa = PBXGroup;
			children = (
				DD4CB68E24EDAED900814464 /* TimeIntervalHistory.swift */,
				DD4CB69024EDAF6800814464 /* TimeIntervalEntity.swift */,
			);
			path = History;
			sourceTree = "<group>";
		};
		DD6AB26624EC5082004BA8B9 = {
			isa = PBXGroup;
			children = (
				DD6AB27124EC5082004BA8B9 /* Timer */,
				DD6AB27024EC5082004BA8B9 /* Products */,
			);
			sourceTree = "<group>";
		};
		DD6AB27024EC5082004BA8B9 /* Products */ = {
			isa = PBXGroup;
			children = (
				DD6AB26F24EC5082004BA8B9 /* Timer.app */,
			);
			name = Products;
			sourceTree = "<group>";
		};
		DD6AB27124EC5082004BA8B9 /* Timer */ = {
			isa = PBXGroup;
			children = (
				DD4CB68924ED8C3000814464 /* Extensions */,
				DD4CB68224ED68D800814464 /* Model */,
				DD4CB68524ED76E400814464 /* View */,
				DD4CB68624ED76E900814464 /* Controller */,
				DD6AB28624EC52FC004BA8B9 /* Supporting files */,
				DD6AB27824EC5082004BA8B9 /* Main.storyboard */,
				DD6AB28024EC5087004BA8B9 /* Info.plist */,
			);
			path = Timer;
			sourceTree = "<group>";
		};
		DD6AB28624EC52FC004BA8B9 /* Supporting files */ = {
			isa = PBXGroup;
			children = (
				DD6AB27224EC5082004BA8B9 /* AppDelegate.swift */,
				DD6AB27424EC5082004BA8B9 /* SceneDelegate.swift */,
				DD6AB27B24EC5087004BA8B9 /* Assets.xcassets */,
				DD6AB27D24EC5087004BA8B9 /* LaunchScreen.storyboard */,
			);
			path = "Supporting files";
			sourceTree = "<group>";
		};
/* End PBXGroup section */

/* Begin PBXNativeTarget section */
		DD6AB26E24EC5082004BA8B9 /* Timer */ = {
			isa = PBXNativeTarget;
			buildConfigurationList = DD6AB28324EC5087004BA8B9 /* Build configuration list for PBXNativeTarget "Timer" */;
			buildPhases = (
				DD6AB26B24EC5082004BA8B9 /* Sources */,
				DD6AB26C24EC5082004BA8B9 /* Frameworks */,
				DD6AB26D24EC5082004BA8B9 /* Resources */,
			);
			buildRules = (
			);
			dependencies = (
			);
			name = Timer;
			productName = Timer;
			productReference = DD6AB26F24EC5082004BA8B9 /* Timer.app */;
			productType = "com.apple.product-type.application";
		};
/* End PBXNativeTarget section */

/* Begin PBXProject section */
		DD6AB26724EC5082004BA8B9 /* Project object */ = {
			isa = PBXProject;
			attributes = {
				LastSwiftUpdateCheck = 1140;
				LastUpgradeCheck = 1140;
				ORGANIZATIONNAME = "Oleksandr Polishchuk";
				TargetAttributes = {
					DD6AB26E24EC5082004BA8B9 = {
						CreatedOnToolsVersion = 11.4.1;
					};
				};
			};
			buildConfigurationList = DD6AB26A24EC5082004BA8B9 /* Build configuration list for PBXProject "Timer" */;
			compatibilityVersion = "Xcode 9.3";
			developmentRegion = en;
			hasScannedForEncodings = 0;
			knownRegions = (
				en,
				Base,
			);
			mainGroup = DD6AB26624EC5082004BA8B9;
			productRefGroup = DD6AB27024EC5082004BA8B9 /* Products */;
			projectDirPath = "";
			projectRoot = "";
			targets = (
				DD6AB26E24EC5082004BA8B9 /* Timer */,
			);
		};
/* End PBXProject section */

/* Begin PBXResourcesBuildPhase section */
		DD6AB26D24EC5082004BA8B9 /* Resources */ = {
			isa = PBXResourcesBuildPhase;
			buildActionMask = 2147483647;
			files = (
				DD6AB27F24EC5087004BA8B9 /* LaunchScreen.storyboard in Resources */,
				DD6AB27C24EC5087004BA8B9 /* Assets.xcassets in Resources */,
				DD6AB27A24EC5082004BA8B9 /* Main.storyboard in Resources */,
			);
			runOnlyForDeploymentPostprocessing = 0;
		};
/* End PBXResourcesBuildPhase section */

/* Begin PBXSourcesBuildPhase section */
		DD6AB26B24EC5082004BA8B9 /* Sources */ = {
			isa = PBXSourcesBuildPhase;
			buildActionMask = 2147483647;
			files = (
				DD4CB68B24ED8C3F00814464 /* TimeInterval.swift in Sources */,
				DD6AB27724EC5082004BA8B9 /* TimerViewController.swift in Sources */,
				DD4CB68F24EDAED900814464 /* TimeIntervalHistory.swift in Sources */,
				DD4CB69124EDAF6800814464 /* TimeIntervalEntity.swift in Sources */,
				DD6AB27324EC5082004BA8B9 /* AppDelegate.swift in Sources */,
				DD4CB68424ED68EA00814464 /* TimerType.swift in Sources */,
				DD6AB27524EC5082004BA8B9 /* SceneDelegate.swift in Sources */,
				DD4CB68124EC826600814464 /* Timer.swift in Sources */,
				DD4CB68824ED774200814464 /* HistoryTableViewCell.swift in Sources */,
			);
			runOnlyForDeploymentPostprocessing = 0;
		};
/* End PBXSourcesBuildPhase section */

/* Begin PBXVariantGroup section */
		DD6AB27824EC5082004BA8B9 /* Main.storyboard */ = {
			isa = PBXVariantGroup;
			children = (
				DD6AB27924EC5082004BA8B9 /* Base */,
			);
			name = Main.storyboard;
			sourceTree = "<group>";
		};
		DD6AB27D24EC5087004BA8B9 /* LaunchScreen.storyboard */ = {
			isa = PBXVariantGroup;
			children = (
				DD6AB27E24EC5087004BA8B9 /* Base */,
			);
			name = LaunchScreen.storyboard;
			sourceTree = "<group>";
		};
/* End PBXVariantGroup section */

/* Begin XCBuildConfiguration section */
		DD6AB28124EC5087004BA8B9 /* Debug */ = {
			isa = XCBuildConfiguration;
			buildSettings = {
				ALWAYS_SEARCH_USER_PATHS = NO;
				CLANG_ANALYZER_NONNULL = YES;
				CLANG_ANALYZER_NUMBER_OBJECT_CONVERSION = YES_AGGRESSIVE;
				CLANG_CXX_LANGUAGE_STANDARD = "gnu++14";
				CLANG_CXX_LIBRARY = "libc++";
				CLANG_ENABLE_MODULES = YES;
				CLANG_ENABLE_OBJC_ARC = YES;
				CLANG_ENABLE_OBJC_WEAK = YES;
				CLANG_WARN_BLOCK_CAPTURE_AUTORELEASING = YES;
				CLANG_WARN_BOOL_CONVERSION = YES;
				CLANG_WARN_COMMA = YES;
				CLANG_WARN_CONSTANT_CONVERSION = YES;
				CLANG_WARN_DEPRECATED_OBJC_IMPLEMENTATIONS = YES;
				CLANG_WARN_DIRECT_OBJC_ISA_USAGE = YES_ERROR;
				CLANG_WARN_DOCUMENTATION_COMMENTS = YES;
				CLANG_WARN_EMPTY_BODY = YES;
				CLANG_WARN_ENUM_CONVERSION = YES;
				CLANG_WARN_INFINITE_RECURSION = YES;
				CLANG_WARN_INT_CONVERSION = YES;
				CLANG_WARN_NON_LITERAL_NULL_CONVERSION = YES;
				CLANG_WARN_OBJC_IMPLICIT_RETAIN_SELF = YES;
				CLANG_WARN_OBJC_LITERAL_CONVERSION = YES;
				CLANG_WARN_OBJC_ROOT_CLASS = YES_ERROR;
				CLANG_WARN_RANGE_LOOP_ANALYSIS = YES;
				CLANG_WARN_STRICT_PROTOTYPES = YES;
				CLANG_WARN_SUSPICIOUS_MOVE = YES;
				CLANG_WARN_UNGUARDED_AVAILABILITY = YES_AGGRESSIVE;
				CLANG_WARN_UNREACHABLE_CODE = YES;
				CLANG_WARN__DUPLICATE_METHOD_MATCH = YES;
				COPY_PHASE_STRIP = NO;
				DEBUG_INFORMATION_FORMAT = dwarf;
				ENABLE_STRICT_OBJC_MSGSEND = YES;
				ENABLE_TESTABILITY = YES;
				GCC_C_LANGUAGE_STANDARD = gnu11;
				GCC_DYNAMIC_NO_PIC = NO;
				GCC_NO_COMMON_BLOCKS = YES;
				GCC_OPTIMIZATION_LEVEL = 0;
				GCC_PREPROCESSOR_DEFINITIONS = (
					"DEBUG=1",
					"$(inherited)",
				);
				GCC_WARN_64_TO_32_BIT_CONVERSION = YES;
				GCC_WARN_ABOUT_RETURN_TYPE = YES_ERROR;
				GCC_WARN_UNDECLARED_SELECTOR = YES;
				GCC_WARN_UNINITIALIZED_AUTOS = YES_AGGRESSIVE;
				GCC_WARN_UNUSED_FUNCTION = YES;
				GCC_WARN_UNUSED_VARIABLE = YES;
				IPHONEOS_DEPLOYMENT_TARGET = 13.4;
				MTL_ENABLE_DEBUG_INFO = INCLUDE_SOURCE;
				MTL_FAST_MATH = YES;
				ONLY_ACTIVE_ARCH = YES;
				SDKROOT = iphoneos;
				SWIFT_ACTIVE_COMPILATION_CONDITIONS = DEBUG;
				SWIFT_OPTIMIZATION_LEVEL = "-Onone";
			};
			name = Debug;
		};
		DD6AB28224EC5087004BA8B9 /* Release */ = {
			isa = XCBuildConfiguration;
			buildSettings = {
				ALWAYS_SEARCH_USER_PATHS = NO;
				CLANG_ANALYZER_NONNULL = YES;
				CLANG_ANALYZER_NUMBER_OBJECT_CONVERSION = YES_AGGRESSIVE;
				CLANG_CXX_LANGUAGE_STANDARD = "gnu++14";
				CLANG_CXX_LIBRARY = "libc++";
				CLANG_ENABLE_MODULES = YES;
				CLANG_ENABLE_OBJC_ARC = YES;
				CLANG_ENABLE_OBJC_WEAK = YES;
				CLANG_WARN_BLOCK_CAPTURE_AUTORELEASING = YES;
				CLANG_WARN_BOOL_CONVERSION = YES;
				CLANG_WARN_COMMA = YES;
				CLANG_WARN_CONSTANT_CONVERSION = YES;
				CLANG_WARN_DEPRECATED_OBJC_IMPLEMENTATIONS = YES;
				CLANG_WARN_DIRECT_OBJC_ISA_USAGE = YES_ERROR;
				CLANG_WARN_DOCUMENTATION_COMMENTS = YES;
				CLANG_WARN_EMPTY_BODY = YES;
				CLANG_WARN_ENUM_CONVERSION = YES;
				CLANG_WARN_INFINITE_RECURSION = YES;
				CLANG_WARN_INT_CONVERSION = YES;
				CLANG_WARN_NON_LITERAL_NULL_CONVERSION = YES;
				CLANG_WARN_OBJC_IMPLICIT_RETAIN_SELF = YES;
				CLANG_WARN_OBJC_LITERAL_CONVERSION = YES;
				CLANG_WARN_OBJC_ROOT_CLASS = YES_ERROR;
				CLANG_WARN_RANGE_LOOP_ANALYSIS = YES;
				CLANG_WARN_STRICT_PROTOTYPES = YES;
				CLANG_WARN_SUSPICIOUS_MOVE = YES;
				CLANG_WARN_UNGUARDED_AVAILABILITY = YES_AGGRESSIVE;
				CLANG_WARN_UNREACHABLE_CODE = YES;
				CLANG_WARN__DUPLICATE_METHOD_MATCH = YES;
				COPY_PHASE_STRIP = NO;
				DEBUG_INFORMATION_FORMAT = "dwarf-with-dsym";
				ENABLE_NS_ASSERTIONS = NO;
				ENABLE_STRICT_OBJC_MSGSEND = YES;
				GCC_C_LANGUAGE_STANDARD = gnu11;
				GCC_NO_COMMON_BLOCKS = YES;
				GCC_WARN_64_TO_32_BIT_CONVERSION = YES;
				GCC_WARN_ABOUT_RETURN_TYPE = YES_ERROR;
				GCC_WARN_UNDECLARED_SELECTOR = YES;
				GCC_WARN_UNINITIALIZED_AUTOS = YES_AGGRESSIVE;
				GCC_WARN_UNUSED_FUNCTION = YES;
				GCC_WARN_UNUSED_VARIABLE = YES;
				IPHONEOS_DEPLOYMENT_TARGET = 13.4;
				MTL_ENABLE_DEBUG_INFO = NO;
				MTL_FAST_MATH = YES;
				SDKROOT = iphoneos;
				SWIFT_COMPILATION_MODE = wholemodule;
				SWIFT_OPTIMIZATION_LEVEL = "-O";
				VALIDATE_PRODUCT = YES;
			};
			name = Release;
		};
		DD6AB28424EC5087004BA8B9 /* Debug */ = {
			isa = XCBuildConfiguration;
			buildSettings = {
				ASSETCATALOG_COMPILER_APPICON_NAME = AppIcon;
				CODE_SIGN_STYLE = Automatic;
				DEVELOPMENT_TEAM = T9B7N8U8DY;
				INFOPLIST_FILE = Timer/Info.plist;
				LD_RUNPATH_SEARCH_PATHS = (
					"$(inherited)",
					"@executable_path/Frameworks",
				);
				PRODUCT_BUNDLE_IDENTIFIER = com.snpol.Timer;
				PRODUCT_NAME = "$(TARGET_NAME)";
				SWIFT_VERSION = 5.0;
				TARGETED_DEVICE_FAMILY = 1;
			};
			name = Debug;
		};
		DD6AB28524EC5087004BA8B9 /* Release */ = {
			isa = XCBuildConfiguration;
			buildSettings = {
				ASSETCATALOG_COMPILER_APPICON_NAME = AppIcon;
				CODE_SIGN_STYLE = Automatic;
				DEVELOPMENT_TEAM = T9B7N8U8DY;
				INFOPLIST_FILE = Timer/Info.plist;
				LD_RUNPATH_SEARCH_PATHS = (
					"$(inherited)",
					"@executable_path/Frameworks",
				);
				PRODUCT_BUNDLE_IDENTIFIER = com.snpol.Timer;
				PRODUCT_NAME = "$(TARGET_NAME)";
				SWIFT_VERSION = 5.0;
				TARGETED_DEVICE_FAMILY = 1;
			};
			name = Release;
		};
/* End XCBuildConfiguration section */

/* Begin XCConfigurationList section */
		DD6AB26A24EC5082004BA8B9 /* Build configuration list for PBXProject "Timer" */ = {
			isa = XCConfigurationList;
			buildConfigurations = (
				DD6AB28124EC5087004BA8B9 /* Debug */,
				DD6AB28224EC5087004BA8B9 /* Release */,
			);
			defaultConfigurationIsVisible = 0;
			defaultConfigurationName = Release;
		};
		DD6AB28324EC5087004BA8B9 /* Build configuration list for PBXNativeTarget "Timer" */ = {
			isa = XCConfigurationList;
			buildConfigurations = (
				DD6AB28424EC5087004BA8B9 /* Debug */,
				DD6AB28524EC5087004BA8B9 /* Release */,
			);
			defaultConfigurationIsVisible = 0;
			defaultConfigurationName = Release;
		};
/* End XCConfigurationList section */
	};
	rootObject = DD6AB26724EC5082004BA8B9 /* Project object */;
}
